github.com/google/uuid v1.6.0 h1:NIvaJDMOsjHA8n1jAhLSgzrAzy1Hgr+hNrb57e+94F0=
github.com/google/uuid v1.6.0/go.mod h1:TIyPZe4MgqvfeYDBFedMoGGpEw/LqOeaOT+nhxU+yHo=
github.com/techforge-lat/sqlcraft v0.3.0 h1:qUuJNYYkvbExuyMkhiB56y7RUdFwTQrrl/ESHOgevOY=
github.com/techforge-lat/sqlcraft v0.3.0/go.mod h1:H7ja3fQS8m7ZSMWjzrOeAVg/VedFFDeuBFQFCp7ROmE=
